// !$*UTF8*$!
{
	archiveVersion = 1;
	classes = {
	};
	objectVersion = 46;
	objects = {

/* Begin PBXBuildFile section */
		7189BE321BB8B63100B7AAF9 /* AppDelegate.swift in Sources */ = {isa = PBXBuildFile; fileRef = 7189BE311BB8B63100B7AAF9 /* AppDelegate.swift */; };
		7189BE341BB8B63100B7AAF9 /* ViewController.swift in Sources */ = {isa = PBXBuildFile; fileRef = 7189BE331BB8B63100B7AAF9 /* ViewController.swift */; };
		7189BE371BB8B63100B7AAF9 /* Main.storyboard in Resources */ = {isa = PBXBuildFile; fileRef = 7189BE351BB8B63100B7AAF9 /* Main.storyboard */; };
		7189BE391BB8B63100B7AAF9 /* Images.xcassets in Resources */ = {isa = PBXBuildFile; fileRef = 7189BE381BB8B63100B7AAF9 /* Images.xcassets */; };
		7189BE3C1BB8B63100B7AAF9 /* LaunchScreen.xib in Resources */ = {isa = PBXBuildFile; fileRef = 7189BE3A1BB8B63100B7AAF9 /* LaunchScreen.xib */; };
		7189BE481BB8B63100B7AAF9 /* CIS55Lab1ATests.swift in Sources */ = {isa = PBXBuildFile; fileRef = 7189BE471BB8B63100B7AAF9 /* CIS55Lab1ATests.swift */; };
/* End PBXBuildFile section */

/* Begin PBXContainerItemProxy section */
		7189BE421BB8B63100B7AAF9 /* PBXContainerItemProxy */ = {
			isa = PBXContainerItemProxy;
			containerPortal = 7189BE241BB8B63100B7AAF9 /* Project object */;
			proxyType = 1;
			remoteGlobalIDString = 7189BE2B1BB8B63100B7AAF9;
			remoteInfo = CIS55Lab1A;
		};
/* End PBXContainerItemProxy section */

/* Begin PBXFileReference section */
		7189BE2C1BB8B63100B7AAF9 /* CIS55Lab1A.app */ = {isa = PBXFileReference; explicitFileType = wrapper.application; includeInIndex = 0; path = CIS55Lab1A.app; sourceTree = BUILT_PRODUCTS_DIR; };
		7189BE301BB8B63100B7AAF9 /* Info.plist */ = {isa = PBXFileReference; lastKnownFileType = text.plist.xml; path = Info.plist; sourceTree = "<group>"; };
		7189BE311BB8B63100B7AAF9 /* AppDelegate.swift */ = {isa = PBXFileReference; lastKnownFileType = sourcecode.swift; path = AppDelegate.swift; sourceTree = "<group>"; };
		7189BE331BB8B63100B7AAF9 /* ViewController.swift */ = {isa = PBXFileReference; lastKnownFileType = sourcecode.swift; path = ViewController.swift; sourceTree = "<group>"; };
		7189BE361BB8B63100B7AAF9 /* Base */ = {isa = PBXFileReference; lastKnownFileType = file.storyboard; name = Base; path = Base.lproj/Main.storyboard; sourceTree = "<group>"; };
		7189BE381BB8B63100B7AAF9 /* Images.xcassets */ = {isa = PBXFileReference; lastKnownFileType = folder.assetcatalog; path = Images.xcassets; sourceTree = "<group>"; };
		7189BE3B1BB8B63100B7AAF9 /* Base */ = {isa = PBXFileReference; lastKnownFileType = file.xib; name = Base; path = Base.lproj/LaunchScreen.xib; sourceTree = "<group>"; };
		7189BE411BB8B63100B7AAF9 /* CIS55Lab1ATests.xctest */ = {isa = PBXFileReference; explicitFileType = wrapper.cfbundle; includeInIndex = 0; path = CIS55Lab1ATests.xctest; sourceTree = BUILT_PRODUCTS_DIR; };
		7189BE461BB8B63100B7AAF9 /* Info.plist */ = {isa = PBXFileReference; lastKnownFileType = text.plist.xml; path = Info.plist; sourceTree = "<group>"; };
		7189BE471BB8B63100B7AAF9 /* CIS55Lab1ATests.swift */ = {isa = PBXFileReference; lastKnownFileType = sourcecode.swift; path = CIS55Lab1ATests.swift; sourceTree = "<group>"; };
/* End PBXFileReference section */

/* Begin PBXFrameworksBuildPhase section */
		7189BE291BB8B63100B7AAF9 /* Frameworks */ = {
			isa = PBXFrameworksBuildPhase;
			buildActionMask = 2147483647;
			files = (
			);
			runOnlyForDeploymentPostprocessing = 0;
		};
		7189BE3E1BB8B63100B7AAF9 /* Frameworks */ = {
			isa = PBXFrameworksBuildPhase;
			buildActionMask = 2147483647;
			files = (
			);
			runOnlyForDeploymentPostprocessing = 0;
		};
/* End PBXFrameworksBuildPhase section */

/* Begin PBXGroup section */
		7189BE231BB8B63100B7AAF9 = {
			isa = PBXGroup;
			children = (
				7189BE2E1BB8B63100B7AAF9 /* CIS55Lab1A */,
				7189BE441BB8B63100B7AAF9 /* CIS55Lab1ATests */,
				7189BE2D1BB8B63100B7AAF9 /* Products */,
			);
			sourceTree = "<group>";
		};
		7189BE2D1BB8B63100B7AAF9 /* Products */ = {
			isa = PBXGroup;
			children = (
				7189BE2C1BB8B63100B7AAF9 /* CIS55Lab1A.app */,
				7189BE411BB8B63100B7AAF9 /* CIS55Lab1ATests.xctest */,
			);
			name = Products;
			sourceTree = "<group>";
		};
		7189BE2E1BB8B63100B7AAF9 /* CIS55Lab1A */ = {
			isa = PBXGroup;
			children = (
				7189BE311BB8B63100B7AAF9 /* AppDelegate.swift */,
				7189BE331BB8B63100B7AAF9 /* ViewController.swift */,
				7189BE351BB8B63100B7AAF9 /* Main.storyboard */,
				7189BE381BB8B63100B7AAF9 /* Images.xcassets */,
				7189BE3A1BB8B63100B7AAF9 /* LaunchScreen.xib */,
				7189BE2F1BB8B63100B7AAF9 /* Supporting Files */,
			);
			path = CIS55Lab1A;
			sourceTree = "<group>";
		};
		7189BE2F1BB8B63100B7AAF9 /* Supporting Files */ = {
			isa = PBXGroup;
			children = (
				7189BE301BB8B63100B7AAF9 /* Info.plist */,
			);
			name = "Supporting Files";
			sourceTree = "<group>";
		};
		7189BE441BB8B63100B7AAF9 /* CIS55Lab1ATests */ = {
			isa = PBXGroup;
			children = (
				7189BE471BB8B63100B7AAF9 /* CIS55Lab1ATests.swift */,
				7189BE451BB8B63100B7AAF9 /* Supporting Files */,
			);
			path = CIS55Lab1ATests;
			sourceTree = "<group>";
		};
		7189BE451BB8B63100B7AAF9 /* Supporting Files */ = {
			isa = PBXGroup;
			children = (
				7189BE461BB8B63100B7AAF9 /* Info.plist */,
			);
			name = "Supporting Files";
			sourceTree = "<group>";
		};
/* End PBXGroup section */

/* Begin PBXNativeTarget section */
		7189BE2B1BB8B63100B7AAF9 /* CIS55Lab1A */ = {
			isa = PBXNativeTarget;
			buildConfigurationList = 7189BE4B1BB8B63100B7AAF9 /* Build configuration list for PBXNativeTarget "CIS55Lab1A" */;
			buildPhases = (
				7189BE281BB8B63100B7AAF9 /* Sources */,
				7189BE291BB8B63100B7AAF9 /* Frameworks */,
				7189BE2A1BB8B63100B7AAF9 /* Resources */,
			);
			buildRules = (
			);
			dependencies = (
			);
			name = CIS55Lab1A;
			productName = CIS55Lab1A;
			productReference = 7189BE2C1BB8B63100B7AAF9 /* CIS55Lab1A.app */;
			productType = "com.apple.product-type.application";
		};
		7189BE401BB8B63100B7AAF9 /* CIS55Lab1ATests */ = {
			isa = PBXNativeTarget;
			buildConfigurationList = 7189BE4E1BB8B63100B7AAF9 /* Build configuration list for PBXNativeTarget "CIS55Lab1ATests" */;
			buildPhases = (
				7189BE3D1BB8B63100B7AAF9 /* Sources */,
				7189BE3E1BB8B63100B7AAF9 /* Frameworks */,
				7189BE3F1BB8B63100B7AAF9 /* Resources */,
			);
			buildRules = (
			);
			dependencies = (
				7189BE431BB8B63100B7AAF9 /* PBXTargetDependency */,
			);
			name = CIS55Lab1ATests;
			productName = CIS55Lab1ATests;
			productReference = 7189BE411BB8B63100B7AAF9 /* CIS55Lab1ATests.xctest */;
			productType = "com.apple.product-type.bundle.unit-test";
		};
/* End PBXNativeTarget section */

/* Begin PBXProject section */
		7189BE241BB8B63100B7AAF9 /* Project object */ = {
			isa = PBXProject;
			attributes = {
				LastUpgradeCheck = 0640;
				ORGANIZATIONNAME = "David Gudeman";
				TargetAttributes = {
					7189BE2B1BB8B63100B7AAF9 = {
						CreatedOnToolsVersion = 6.4;
					};
					7189BE401BB8B63100B7AAF9 = {
						CreatedOnToolsVersion = 6.4;
						TestTargetID = 7189BE2B1BB8B63100B7AAF9;
					};
				};
			};
			buildConfigurationList = 7189BE271BB8B63100B7AAF9 /* Build configuration list for PBXProject "CIS55Lab1A" */;
			compatibilityVersion = "Xcode 3.2";
			developmentRegion = English;
			hasScannedForEncodings = 0;
			knownRegions = (
				en,
				Base,
			);
			mainGroup = 7189BE231BB8B63100B7AAF9;
			productRefGroup = 7189BE2D1BB8B63100B7AAF9 /* Products */;
			projectDirPath = "";
			projectRoot = "";
			targets = (
				7189BE2B1BB8B63100B7AAF9 /* CIS55Lab1A */,
				7189BE401BB8B63100B7AAF9 /* CIS55Lab1ATests */,
			);
		};
/* End PBXProject section */

/* Begin PBXResourcesBuildPhase section */
		7189BE2A1BB8B63100B7AAF9 /* Resources */ = {
			isa = PBXResourcesBuildPhase;
			buildActionMask = 2147483647;
			files = (
				7189BE371BB8B63100B7AAF9 /* Main.storyboard in Resources */,
				7189BE3C1BB8B63100B7AAF9 /* LaunchScreen.xib in Resources */,
				7189BE391BB8B63100B7AAF9 /* Images.xcassets in Resources */,
			);
			runOnlyForDeploymentPostprocessing = 0;
		};
		7189BE3F1BB8B63100B7AAF9 /* Resources */ = {
			isa = PBXResourcesBuildPhase;
			buildActionMask = 2147483647;
			files = (
			);
			runOnlyForDeploymentPostprocessing = 0;
		};
/* End PBXResourcesBuildPhase section */

/* Begin PBXSourcesBuildPhase section */
		7189BE281BB8B63100B7AAF9 /* Sources */ = {
			isa = PBXSourcesBuildPhase;
			buildActionMask = 2147483647;
			files = (
				7189BE341BB8B63100B7AAF9 /* ViewController.swift in Sources */,
				7189BE321BB8B63100B7AAF9 /* AppDelegate.swift in Sources */,
			);
			runOnlyForDeploymentPostprocessing = 0;
		};
		7189BE3D1BB8B63100B7AAF9 /* Sources */ = {
			isa = PBXSourcesBuildPhase;
			buildActionMask = 2147483647;
			files = (
				7189BE481BB8B63100B7AAF9 /* CIS55Lab1ATests.swift in Sources */,
			);
			runOnlyForDeploymentPostprocessing = 0;
		};
/* End PBXSourcesBuildPhase section */

/* Begin PBXTargetDependency section */
		7189BE431BB8B63100B7AAF9 /* PBXTargetDependency */ = {
			isa = PBXTargetDependency;
			target = 7189BE2B1BB8B63100B7AAF9 /* CIS55Lab1A */;
			targetProxy = 7189BE421BB8B63100B7AAF9 /* PBXContainerItemProxy */;
		};
/* End PBXTargetDependency section */

/* Begin PBXVariantGroup section */
		7189BE351BB8B63100B7AAF9 /* Main.storyboard */ = {
			isa = PBXVariantGroup;
			children = (
				7189BE361BB8B63100B7AAF9 /* Base */,
			);
			name = Main.storyboard;
			sourceTree = "<group>";
		};
		7189BE3A1BB8B63100B7AAF9 /* LaunchScreen.xib */ = {
			isa = PBXVariantGroup;
			children = (
				7189BE3B1BB8B63100B7AAF9 /* Base */,
			);
			name = LaunchScreen.xib;
			sourceTree = "<group>";
		};
/* End PBXVariantGroup section */

/* Begin XCBuildConfiguration section */
		7189BE491BB8B63100B7AAF9 /* Debug */ = {
			isa = XCBuildConfiguration;
			buildSettings = {
				ALWAYS_SEARCH_USER_PATHS = NO;
				CLANG_CXX_LANGUAGE_STANDARD = "gnu++0x";
				CLANG_CXX_LIBRARY = "libc++";
				CLANG_ENABLE_MODULES = YES;
				CLANG_ENABLE_OBJC_ARC = YES;
				CLANG_WARN_BOOL_CONVERSION = YES;
				CLANG_WARN_CONSTANT_CONVERSION = YES;
				CLANG_WARN_DIRECT_OBJC_ISA_USAGE = YES_ERROR;
				CLANG_WARN_EMPTY_BODY = YES;
				CLANG_WARN_ENUM_CONVERSION = YES;
				CLANG_WARN_INT_CONVERSION = YES;
				CLANG_WARN_OBJC_ROOT_CLASS = YES_ERROR;
				CLANG_WARN_UNREACHABLE_CODE = YES;
				CLANG_WARN__DUPLICATE_METHOD_MATCH = YES;
				"CODE_SIGN_IDENTITY[sdk=iphoneos*]" = "iPhone Developer";
				COPY_PHASE_STRIP = NO;
				DEBUG_INFORMATION_FORMAT = "dwarf-with-dsym";
				ENABLE_STRICT_OBJC_MSGSEND = YES;
				GCC_C_LANGUAGE_STANDARD = gnu99;
				GCC_DYNAMIC_NO_PIC = NO;
				GCC_NO_COMMON_BLOCKS = YES;
				GCC_OPTIMIZATION_LEVEL = 0;
				GCC_PREPROCESSOR_DEFINITIONS = (
					"DEBUG=1",
					"$(inherited)",
				);
				GCC_SYMBOLS_PRIVATE_EXTERN = NO;
				GCC_WARN_64_TO_32_BIT_CONVERSION = YES;
				GCC_WARN_ABOUT_RETURN_TYPE = YES_ERROR;
				GCC_WARN_UNDECLARED_SELECTOR = YES;
				GCC_WARN_UNINITIALIZED_AUTOS = YES_AGGRESSIVE;
				GCC_WARN_UNUSED_FUNCTION = YES;
				GCC_WARN_UNUSED_VARIABLE = YES;
				IPHONEOS_DEPLOYMENT_TARGET = 8.4;
				MTL_ENABLE_DEBUG_INFO = YES;
				ONLY_ACTIVE_ARCH = YES;
				SDKROOT = iphoneos;
				SWIFT_OPTIMIZATION_LEVEL = "-Onone";
			};
			name = Debug;
		};
		7189BE4A1BB8B63100B7AAF9 /* Release */ = {
			isa = XCBuildConfiguration;
			buildSettings = {
				ALWAYS_SEARCH_USER_PATHS = NO;
				CLANG_CXX_LANGUAGE_STANDARD = "gnu++0x";
				CLANG_CXX_LIBRARY = "libc++";
				CLANG_ENABLE_MODULES = YES;
				CLANG_ENABLE_OBJC_ARC = YES;
				CLANG_WARN_BOOL_CONVERSION = YES;
				CLANG_WARN_CONSTANT_CONVERSION = YES;
				CLANG_WARN_DIRECT_OBJC_ISA_USAGE = YES_ERROR;
				CLANG_WARN_EMPTY_BODY = YES;
				CLANG_WARN_ENUM_CONVERSION = YES;
				CLANG_WARN_INT_CONVERSION = YES;
				CLANG_WARN_OBJC_ROOT_CLASS = YES_ERROR;
				CLANG_WARN_UNREACHABLE_CODE = YES;
				CLANG_WARN__DUPLICATE_METHOD_MATCH = YES;
				"CODE_SIGN_IDENTITY[sdk=iphoneos*]" = "iPhone Developer";
				COPY_PHASE_STRIP = NO;
				DEBUG_INFORMATION_FORMAT = "dwarf-with-dsym";
				ENABLE_NS_ASSERTIONS = NO;
				ENABLE_STRICT_OBJC_MSGSEND = YES;
				GCC_C_LANGUAGE_STANDARD = gnu99;
				GCC_NO_COMMON_BLOCKS = YES;
				GCC_WARN_64_TO_32_BIT_CONVERSION = YES;
				GCC_WARN_ABOUT_RETURN_TYPE = YES_ERROR;
				GCC_WARN_UNDECLARED_SELECTOR = YES;
				GCC_WARN_UNINITIALIZED_AUTOS = YES_AGGRESSIVE;
				GCC_WARN_UNUSED_FUNCTION = YES;
				GCC_WARN_UNUSED_VARIABLE = YES;
				IPHONEOS_DEPLOYMENT_TARGET = 8.4;
				MTL_ENABLE_DEBUG_INFO = NO;
				SDKROOT = iphoneos;
				VALIDATE_PRODUCT = YES;
			};
			name = Release;
		};
		7189BE4C1BB8B63100B7AAF9 /* Debug */ = {
			isa = XCBuildConfiguration;
			buildSettings = {
				ASSETCATALOG_COMPILER_APPICON_NAME = AppIcon;
				INFOPLIST_FILE = CIS55Lab1A/Info.plist;
				LD_RUNPATH_SEARCH_PATHS = "$(inherited) @executable_path/Frameworks";
				PRODUCT_NAME = "$(TARGET_NAME)";
			};
			name = Debug;
		};
		7189BE4D1BB8B63100B7AAF9 /* Release */ = {
			isa = XCBuildConfiguration;
			buildSettings = {
				ASSETCATALOG_COMPILER_APPICON_NAME = AppIcon;
				INFOPLIST_FILE = CIS55Lab1A/Info.plist;
				LD_RUNPATH_SEARCH_PATHS = "$(inherited) @executable_path/Frameworks";
				PRODUCT_NAME = "$(TARGET_NAME)";
			};
			name = Release;
		};
		7189BE4F1BB8B63100B7AAF9 /* Debug */ = {
			isa = XCBuildConfiguration;
			buildSettings = {
				BUNDLE_LOADER = "$(TEST_HOST)";
				FRAMEWORK_SEARCH_PATHS = (
					"$(SDKROOT)/Developer/Library/Frameworks",
					"$(inherited)",
				);
				GCC_PREPROCESSOR_DEFINITIONS = (
					"DEBUG=1",
					"$(inherited)",
				);
				INFOPLIST_FILE = CIS55Lab1ATests/Info.plist;
				LD_RUNPATH_SEARCH_PATHS = "$(inherited) @executable_path/Frameworks @loader_path/Frameworks";
				PRODUCT_NAME = "$(TARGET_NAME)";
				TEST_HOST = "$(BUILT_PRODUCTS_DIR)/CIS55Lab1A.app/CIS55Lab1A";
			};
			name = Debug;
		};
		7189BE501BB8B63100B7AAF9 /* Release */ = {
			isa = XCBuildConfiguration;
			buildSettings = {
				BUNDLE_LOADER = "$(TEST_HOST)";
				FRAMEWORK_SEARCH_PATHS = (
					"$(SDKROOT)/Developer/Library/Frameworks",
					"$(inherited)",
				);
				INFOPLIST_FILE = CIS55Lab1ATests/Info.plist;
				LD_RUNPATH_SEARCH_PATHS = "$(inherited) @executable_path/Frameworks @loader_path/Frameworks";
				PRODUCT_NAME = "$(TARGET_NAME)";
				TEST_HOST = "$(BUILT_PRODUCTS_DIR)/CIS55Lab1A.app/CIS55Lab1A";
			};
			name = Release;
		};
/* End XCBuildConfiguration section */

/* Begin XCConfigurationList section */
		7189BE271BB8B63100B7AAF9 /* Build configuration list for PBXProject "CIS55Lab1A" */ = {
			isa = XCConfigurationList;
			buildConfigurations = (
				7189BE491BB8B63100B7AAF9 /* Debug */,
				7189BE4A1BB8B63100B7AAF9 /* Release */,
			);
			defaultConfigurationIsVisible = 0;
			defaultConfigurationName = Release;
		};
		7189BE4B1BB8B63100B7AAF9 /* Build configuration list for PBXNativeTarget "CIS55Lab1A" */ = {
			isa = XCConfigurationList;
			buildConfigurations = (
				7189BE4C1BB8B63100B7AAF9 /* Debug */,
				7189BE4D1BB8B63100B7AAF9 /* Release */,
			);
			defaultConfigurationIsVisible = 0;
		};
		7189BE4E1BB8B63100B7AAF9 /* Build configuration list for PBXNativeTarget "CIS55Lab1ATests" */ = {
			isa = XCConfigurationList;
			buildConfigurations = (
				7189BE4F1BB8B63100B7AAF9 /* Debug */,
				7189BE501BB8B63100B7AAF9 /* Release */,
			);
			defaultConfigurationIsVisible = 0;
		};
/* End XCConfigurationList section */
	};
	rootObject = 7189BE241BB8B63100B7AAF9 /* Project object */;
}
